
Microsoft Visual Studio Solution File, Format Version 12.00
# Visual Studio Version 17
VisualStudioVersion = 17.9.34728.123
MinimumVisualStudioVersion = 10.0.40219.1
Project("{FAE04EC0-301F-11D3-BF4B-00C04F79EFBC}") = "PhoneBookWithFile", "PhoneBookWithFile\PhoneBookWithFile.csproj", "{EC584B6F-F068-44FF-B84D-14E37B58146A}"
EndProject
Global
	GlobalSection(SolutionConfigurationPlatforms) = preSolution
		Debug|Any CPU = Debug|Any CPU
		Release|Any CPU = Release|Any CPU
	EndGlobalSection
	GlobalSection(ProjectConfigurationPlatforms) = postSolution
		{EC584B6F-F068-44FF-B84D-14E37B58146A}.Debug|Any CPU.ActiveCfg = Debug|Any CPU
		{EC584B6F-F068-44FF-B84D-14E37B58146A}.Debug|Any CPU.Build.0 = Debug|Any CPU
		{EC584B6F-F068-44FF-B84D-14E37B58146A}.Release|Any CPU.ActiveCfg = Release|Any CPU
		{EC584B6F-F068-44FF-B84D-14E37B58146A}.Release|Any CPU.Build.0 = Release|Any CPU
	EndGlobalSection
	GlobalSection(SolutionProperties) = preSolution
		HideSolutionNode = FALSE
	EndGlobalSection
	GlobalSection(ExtensibilityGlobals) = postSolution
		SolutionGuid = {AC06DCE4-062E-48AE-AFFB-F8AD27EEBC83}
	EndGlobalSection
EndGlobal
